
Microsoft Visual Studio Solution File, Format Version 12.00
# Visual Studio 15
VisualStudioVersion = 15.0.28307.168
MinimumVisualStudioVersion = 10.0.40219.1
Project("{9A19103F-16F7-4668-BE54-9A1E7A4F7556}") = "MentorialProject", "MentorialProject\MentorialProject.csproj", "{0FE5590E-6BE9-405E-B1CE-5C027FEF295E}"
EndProject
Project("{9A19103F-16F7-4668-BE54-9A1E7A4F7556}") = "MentorialProject.DAL", "MentorialProject.DAL\MentorialProject.DAL.csproj", "{59A5BE11-AEC3-4A82-A321-F88B47484E10}"
EndProject
Project("{9A19103F-16F7-4668-BE54-9A1E7A4F7556}") = "MentorialProject.Domain", "MentorialProject.Domain\MentorialProject.Domain.csproj", "{DB9B572E-E66E-4082-AEDA-D2F73AB1E539}"
EndProject
Project("{2150E333-8FDC-42A3-9474-1A3956D46DE8}") = "Core", "Core", "{7084B3AE-E0A3-457E-BB54-6730B06385DB}"
EndProject
Project("{2150E333-8FDC-42A3-9474-1A3956D46DE8}") = "Infrastructure", "Infrastructure", "{CF68B863-E708-433B-B41D-D98F4B836D87}"
EndProject
Project("{2150E333-8FDC-42A3-9474-1A3956D46DE8}") = "Presentation", "Presentation", "{2C47E4F5-8D1A-436B-AF52-FE5CECB2FDA5}"
EndProject
Project("{2150E333-8FDC-42A3-9474-1A3956D46DE8}") = "Tests", "Tests", "{098EAF00-9D1F-4FE5-BA10-2E31967260B1}"
EndProject
Project("{FAE04EC0-301F-11D3-BF4B-00C04F79EFBC}") = "Bootstrap", "Bootstrap\Bootstrap.csproj", "{11683B7B-49DA-433D-AC17-8F4AF3FB86EA}"
EndProject
Project("{2150E333-8FDC-42A3-9474-1A3956D46DE8}") = "Shared", "Shared", "{692553DC-CEBC-4201-945A-F596D076BD3C}"
EndProject
Project("{FAE04EC0-301F-11D3-BF4B-00C04F79EFBC}") = "MentorialProject.Shared", "MentorialProject.Shared\MentorialProject.Shared.csproj", "{5B96CD33-78E5-4F74-93BA-E23EDBD481BC}"
EndProject
Global
	GlobalSection(SolutionConfigurationPlatforms) = preSolution
		Debug|Any CPU = Debug|Any CPU
		Release|Any CPU = Release|Any CPU
	EndGlobalSection
	GlobalSection(ProjectConfigurationPlatforms) = postSolution
		{0FE5590E-6BE9-405E-B1CE-5C027FEF295E}.Debug|Any CPU.ActiveCfg = Debug|Any CPU
		{0FE5590E-6BE9-405E-B1CE-5C027FEF295E}.Debug|Any CPU.Build.0 = Debug|Any CPU
		{0FE5590E-6BE9-405E-B1CE-5C027FEF295E}.Release|Any CPU.ActiveCfg = Release|Any CPU
		{0FE5590E-6BE9-405E-B1CE-5C027FEF295E}.Release|Any CPU.Build.0 = Release|Any CPU
		{59A5BE11-AEC3-4A82-A321-F88B47484E10}.Debug|Any CPU.ActiveCfg = Debug|Any CPU
		{59A5BE11-AEC3-4A82-A321-F88B47484E10}.Debug|Any CPU.Build.0 = Debug|Any CPU
		{59A5BE11-AEC3-4A82-A321-F88B47484E10}.Release|Any CPU.ActiveCfg = Release|Any CPU
		{59A5BE11-AEC3-4A82-A321-F88B47484E10}.Release|Any CPU.Build.0 = Release|Any CPU
		{DB9B572E-E66E-4082-AEDA-D2F73AB1E539}.Debug|Any CPU.ActiveCfg = Debug|Any CPU
		{DB9B572E-E66E-4082-AEDA-D2F73AB1E539}.Debug|Any CPU.Build.0 = Debug|Any CPU
		{DB9B572E-E66E-4082-AEDA-D2F73AB1E539}.Release|Any CPU.ActiveCfg = Release|Any CPU
		{DB9B572E-E66E-4082-AEDA-D2F73AB1E539}.Release|Any CPU.Build.0 = Release|Any CPU
		{11683B7B-49DA-433D-AC17-8F4AF3FB86EA}.Debug|Any CPU.ActiveCfg = Debug|Any CPU
		{11683B7B-49DA-433D-AC17-8F4AF3FB86EA}.Debug|Any CPU.Build.0 = Debug|Any CPU
		{11683B7B-49DA-433D-AC17-8F4AF3FB86EA}.Release|Any CPU.ActiveCfg = Release|Any CPU
		{11683B7B-49DA-433D-AC17-8F4AF3FB86EA}.Release|Any CPU.Build.0 = Release|Any CPU
		{5B96CD33-78E5-4F74-93BA-E23EDBD481BC}.Debug|Any CPU.ActiveCfg = Debug|Any CPU
		{5B96CD33-78E5-4F74-93BA-E23EDBD481BC}.Debug|Any CPU.Build.0 = Debug|Any CPU
		{5B96CD33-78E5-4F74-93BA-E23EDBD481BC}.Release|Any CPU.ActiveCfg = Release|Any CPU
		{5B96CD33-78E5-4F74-93BA-E23EDBD481BC}.Release|Any CPU.Build.0 = Release|Any CPU
	EndGlobalSection
	GlobalSection(SolutionProperties) = preSolution
		HideSolutionNode = FALSE
	EndGlobalSection
	GlobalSection(NestedProjects) = preSolution
		{0FE5590E-6BE9-405E-B1CE-5C027FEF295E} = {2C47E4F5-8D1A-436B-AF52-FE5CECB2FDA5}
		{59A5BE11-AEC3-4A82-A321-F88B47484E10} = {CF68B863-E708-433B-B41D-D98F4B836D87}
		{DB9B572E-E66E-4082-AEDA-D2F73AB1E539} = {7084B3AE-E0A3-457E-BB54-6730B06385DB}
		{11683B7B-49DA-433D-AC17-8F4AF3FB86EA} = {7084B3AE-E0A3-457E-BB54-6730B06385DB}
		{5B96CD33-78E5-4F74-93BA-E23EDBD481BC} = {692553DC-CEBC-4201-945A-F596D076BD3C}
	EndGlobalSection
	GlobalSection(ExtensibilityGlobals) = postSolution
		SolutionGuid = {4DFE8EBC-E356-48D8-A936-CD62DFB1C288}
	EndGlobalSection
EndGlobal
